{
  "originHash" : "f02ee4f33d774aeb202b0e861353a483ab628cf2aabbee30987f181eb0f104ae",
  "pins" : [
    {
      "identity" : "llm.swift",
      "kind" : "remoteSourceControl",
      "location" : "https://github.com/eastriverlee/LLM.swift",
      "state" : {
        "revision" : "4b2517839f24498bea0695bae8967b359b9a35c4",
        "version" : "1.8.0"
      }
    }
  ],
  "version" : 3
}
