// !$*UTF8*$!
{
	archiveVersion = 1;
	classes = {
	};
	objectVersion = 77;
	objects = {

/* Begin PBXBuildFile section */
		840E5A9C2F5D238100339438 /* Spiral Watch App Watch App.app in Embed Watch Content */ = {isa = PBXBuildFile; fileRef = 840E5A7C2F5D238000339438 /* Spiral Watch App Watch App.app */; platformFilter = ios; settings = {ATTRIBUTES = (RemoveHeadersOnCopy, ); }; };
		840E5AB72F5D263600339438 /* SpiralKit in Frameworks */ = {isa = PBXBuildFile; productRef = 840E5AB62F5D263600339438 /* SpiralKit */; };
		84BF12DD2F6890DE008C9FC0 /* LLM in Frameworks */ = {isa = PBXBuildFile; productRef = DD000002DD000002DD000002 /* LLM */; };
		AA000003AAAAAAAA00000003 /* SpiralKit in Frameworks */ = {isa = PBXBuildFile; productRef = AA000002AAAAAAAA00000002 /* SpiralKit */; };
		BB000004BB000004BB000004 /* SpiralKit in Frameworks */ = {isa = PBXBuildFile; productRef = BB000003BB000003BB000003 /* SpiralKit */; };
		BB000005BB000005BB000005 /* SpiralWidget.appex in Embed Foundation Extensions */ = {isa = PBXBuildFile; fileRef = BB000006BB000006BB000006 /* SpiralWidget.appex */; platformFilter = ios; settings = {ATTRIBUTES = (RemoveHeadersOnCopy, ); }; };
		CC100001CC100001CC100001 /* SpiralGeometry in Frameworks */ = {isa = PBXBuildFile; productRef = CC000002CC000002CC000002 /* SpiralGeometry */; };
/* End PBXBuildFile section */

/* Begin PBXContainerItemProxy section */
		840E5A892F5D238100339438 /* PBXContainerItemProxy */ = {
			isa = PBXContainerItemProxy;
			containerPortal = 84729FBE2F5D1263006CECC6 /* Project object */;
			proxyType = 1;
			remoteGlobalIDString = 840E5A7B2F5D238000339438;
			remoteInfo = "Spiral Watch App Watch App";
		};
		840E5A932F5D238100339438 /* PBXContainerItemProxy */ = {
			isa = PBXContainerItemProxy;
			containerPortal = 84729FBE2F5D1263006CECC6 /* Project object */;
			proxyType = 1;
			remoteGlobalIDString = 840E5A7B2F5D238000339438;
			remoteInfo = "Spiral Watch App Watch App";
		};
		840E5A9A2F5D238100339438 /* PBXContainerItemProxy */ = {
			isa = PBXContainerItemProxy;
			containerPortal = 84729FBE2F5D1263006CECC6 /* Project object */;
			proxyType = 1;
			remoteGlobalIDString = 840E5A7B2F5D238000339438;
			remoteInfo = "Spiral Watch App Watch App";
		};
		84729FD82F5D1265006CECC6 /* PBXContainerItemProxy */ = {
			isa = PBXContainerItemProxy;
			containerPortal = 84729FBE2F5D1263006CECC6 /* Project object */;
			proxyType = 1;
			remoteGlobalIDString = 84729FC52F5D1263006CECC6;
			remoteInfo = "spiral journey project";
		};
		84729FE22F5D1265006CECC6 /* PBXContainerItemProxy */ = {
			isa = PBXContainerItemProxy;
			containerPortal = 84729FBE2F5D1263006CECC6 /* Project object */;
			proxyType = 1;
			remoteGlobalIDString = 84729FC52F5D1263006CECC6;
			remoteInfo = "spiral journey project";
		};
/* End PBXContainerItemProxy section */

/* Begin PBXCopyFilesBuildPhase section */
		840E5A9D2F5D238100339438 /* Embed Watch Content */ = {
			isa = PBXCopyFilesBuildPhase;
			buildActionMask = 2147483647;
			dstPath = "$(CONTENTS_FOLDER_PATH)/Watch";
			dstSubfolderSpec = 16;
			files = (
				840E5A9C2F5D238100339438 /* Spiral Watch App Watch App.app in Embed Watch Content */,
			);
			name = "Embed Watch Content";
			runOnlyForDeploymentPostprocessing = 0;
		};
		BB000007BB000007BB000007 /* Embed Foundation Extensions */ = {
			isa = PBXCopyFilesBuildPhase;
			buildActionMask = 2147483647;
			dstPath = "";
			dstSubfolderSpec = 13;
			files = (
				BB000005BB000005BB000005 /* SpiralWidget.appex in Embed Foundation Extensions */,
			);
			name = "Embed Foundation Extensions";
			runOnlyForDeploymentPostprocessing = 0;
		};
/* End PBXCopyFilesBuildPhase section */

/* Begin PBXFileReference section */
		840E5A7C2F5D238000339438 /* Spiral Watch App Watch App.app */ = {isa = PBXFileReference; explicitFileType = wrapper.application; includeInIndex = 0; path = "Spiral Watch App Watch App.app"; sourceTree = BUILT_PRODUCTS_DIR; };
		840E5A882F5D238100339438 /* Spiral Watch App Watch AppTests.xctest */ = {isa = PBXFileReference; explicitFileType = wrapper.cfbundle; includeInIndex = 0; path = "Spiral Watch App Watch AppTests.xctest"; sourceTree = BUILT_PRODUCTS_DIR; };
		840E5A922F5D238100339438 /* Spiral Watch App Watch AppUITests.xctest */ = {isa = PBXFileReference; explicitFileType = wrapper.cfbundle; includeInIndex = 0; path = "Spiral Watch App Watch AppUITests.xctest"; sourceTree = BUILT_PRODUCTS_DIR; };
		84729FC62F5D1263006CECC6 /* spiral journey project.app */ = {isa = PBXFileReference; explicitFileType = wrapper.application; includeInIndex = 0; path = "spiral journey project.app"; sourceTree = BUILT_PRODUCTS_DIR; };
		84729FD72F5D1265006CECC6 /* spiral journey projectTests.xctest */ = {isa = PBXFileReference; explicitFileType = wrapper.cfbundle; includeInIndex = 0; path = "spiral journey projectTests.xctest"; sourceTree = BUILT_PRODUCTS_DIR; };
		84729FE12F5D1265006CECC6 /* spiral journey projectUITests.xctest */ = {isa = PBXFileReference; explicitFileType = wrapper.cfbundle; includeInIndex = 0; path = "spiral journey projectUITests.xctest"; sourceTree = BUILT_PRODUCTS_DIR; };
		BB000006BB000006BB000006 /* SpiralWidget.appex */ = {isa = PBXFileReference; explicitFileType = "wrapper.app-extension"; includeInIndex = 0; path = SpiralWidget.appex; sourceTree = BUILT_PRODUCTS_DIR; };
/* End PBXFileReference section */

/* Begin PBXFileSystemSynchronizedBuildFileExceptionSet section */
		84729FE92F5D1265006CECC6 /* Exceptions for "spiral journey project" folder in "spiral journey project" target */ = {
			isa = PBXFileSystemSynchronizedBuildFileExceptionSet;
			membershipExceptions = (
				Info.plist,
			);
			target = 84729FC52F5D1263006CECC6 /* spiral journey project */;
		};
		BB000015BB000015BB000015 /* Exceptions for "SpiralWidget" folder in "SpiralWidget" target */ = {
			isa = PBXFileSystemSynchronizedBuildFileExceptionSet;
			membershipExceptions = (
				Info.plist,
			);
			target = BB000001BB000001BB000001 /* SpiralWidget */;
		};
		CC000001CC000001CC000001 /* Exceptions for "Spiral Watch App Watch App" folder in "Spiral Watch App Watch App" target */ = {
			isa = PBXFileSystemSynchronizedBuildFileExceptionSet;
			membershipExceptions = (
				Info.plist,
			);
			target = 840E5A7B2F5D238000339438 /* Spiral Watch App Watch App */;
		};
/* End PBXFileSystemSynchronizedBuildFileExceptionSet section */

/* Begin PBXFileSystemSynchronizedRootGroup section */
		840E5A7D2F5D238000339438 /* Spiral Watch App Watch App */ = {
			isa = PBXFileSystemSynchronizedRootGroup;
			exceptions = (
				CC000001CC000001CC000001 /* Exceptions for "Spiral Watch App Watch App" folder in "Spiral Watch App Watch App" target */,
			);
			path = "Spiral Watch App Watch App";
			sourceTree = "<group>";
		};
		840E5A8B2F5D238100339438 /* Spiral Watch App Watch AppTests */ = {
			isa = PBXFileSystemSynchronizedRootGroup;
			path = "Spiral Watch App Watch AppTests";
			sourceTree = "<group>";
		};
		840E5A952F5D238100339438 /* Spiral Watch App Watch AppUITests */ = {
			isa = PBXFileSystemSynchronizedRootGroup;
			path = "Spiral Watch App Watch AppUITests";
			sourceTree = "<group>";
		};
		84729FC82F5D1263006CECC6 /* spiral journey project */ = {
			isa = PBXFileSystemSynchronizedRootGroup;
			exceptions = (
				84729FE92F5D1265006CECC6 /* Exceptions for "spiral journey project" folder in "spiral journey project" target */,
			);
			path = "spiral journey project";
			sourceTree = "<group>";
		};
		84729FDA2F5D1265006CECC6 /* spiral journey projectTests */ = {
			isa = PBXFileSystemSynchronizedRootGroup;
			path = "spiral journey projectTests";
			sourceTree = "<group>";
		};
		84729FE42F5D1265006CECC6 /* spiral journey projectUITests */ = {
			isa = PBXFileSystemSynchronizedRootGroup;
			path = "spiral journey projectUITests";
			sourceTree = "<group>";
		};
		BB000012BB000012BB000012 /* SpiralWidget */ = {
			isa = PBXFileSystemSynchronizedRootGroup;
			exceptions = (
				BB000015BB000015BB000015 /* Exceptions for "SpiralWidget" folder in "SpiralWidget" target */,
			);
			path = SpiralWidget;
			sourceTree = "<group>";
		};
/* End PBXFileSystemSynchronizedRootGroup section */

/* Begin PBXFrameworksBuildPhase section */
		840E5A792F5D238000339438 /* Frameworks */ = {
			isa = PBXFrameworksBuildPhase;
			buildActionMask = 2147483647;
			files = (
				840E5AB72F5D263600339438 /* SpiralKit in Frameworks */,
			);
			runOnlyForDeploymentPostprocessing = 0;
		};
		840E5A852F5D238100339438 /* Frameworks */ = {
			isa = PBXFrameworksBuildPhase;
			buildActionMask = 2147483647;
			files = (
			);
			runOnlyForDeploymentPostprocessing = 0;
		};
		840E5A8F2F5D238100339438 /* Frameworks */ = {
			isa = PBXFrameworksBuildPhase;
			buildActionMask = 2147483647;
			files = (
			);
			runOnlyForDeploymentPostprocessing = 0;
		};
		84729FC32F5D1263006CECC6 /* Frameworks */ = {
			isa = PBXFrameworksBuildPhase;
			buildActionMask = 2147483647;
			files = (
				84BF12DD2F6890DE008C9FC0 /* LLM in Frameworks */,
				AA000003AAAAAAAA00000003 /* SpiralKit in Frameworks */,
				CC100001CC100001CC100001 /* SpiralGeometry in Frameworks */,
			);
			runOnlyForDeploymentPostprocessing = 0;
		};
		84729FD42F5D1265006CECC6 /* Frameworks */ = {
			isa = PBXFrameworksBuildPhase;
			buildActionMask = 2147483647;
			files = (
			);
			runOnlyForDeploymentPostprocessing = 0;
		};
		84729FDE2F5D1265006CECC6 /* Frameworks */ = {
			isa = PBXFrameworksBuildPhase;
			buildActionMask = 2147483647;
			files = (
			);
			runOnlyForDeploymentPostprocessing = 0;
		};
		BB000009BB000009BB000009 /* Frameworks */ = {
			isa = PBXFrameworksBuildPhase;
			buildActionMask = 2147483647;
			files = (
				BB000004BB000004BB000004 /* SpiralKit in Frameworks */,
			);
			runOnlyForDeploymentPostprocessing = 0;
		};
/* End PBXFrameworksBuildPhase section */

/* Begin PBXGroup section */
		840E5AB52F5D263600339438 /* Frameworks */ = {
			isa = PBXGroup;
			children = (
			);
			name = Frameworks;
			sourceTree = "<group>";
		};
		841EFEE82F64967B0050D2D3 /* Recovered References */ = {
			isa = PBXGroup;
			children = (
				BB000006BB000006BB000006 /* SpiralWidget.appex */,
			);
			name = "Recovered References";
			sourceTree = "<group>";
		};
		84729FBD2F5D1263006CECC6 = {
			isa = PBXGroup;
			children = (
				84729FC82F5D1263006CECC6 /* spiral journey project */,
				84729FDA2F5D1265006CECC6 /* spiral journey projectTests */,
				84729FE42F5D1265006CECC6 /* spiral journey projectUITests */,
				840E5A7D2F5D238000339438 /* Spiral Watch App Watch App */,
				840E5A8B2F5D238100339438 /* Spiral Watch App Watch AppTests */,
				840E5A952F5D238100339438 /* Spiral Watch App Watch AppUITests */,
				BB000012BB000012BB000012 /* SpiralWidget */,
				840E5AB52F5D263600339438 /* Frameworks */,
				84729FC72F5D1263006CECC6 /* Products */,
				841EFEE82F64967B0050D2D3 /* Recovered References */,
			);
			sourceTree = "<group>";
		};
		84729FC72F5D1263006CECC6 /* Products */ = {
			isa = PBXGroup;
			children = (
				84729FC62F5D1263006CECC6 /* spiral journey project.app */,
				84729FD72F5D1265006CECC6 /* spiral journey projectTests.xctest */,
				84729FE12F5D1265006CECC6 /* spiral journey projectUITests.xctest */,
				840E5A7C2F5D238000339438 /* Spiral Watch App Watch App.app */,
				840E5A882F5D238100339438 /* Spiral Watch App Watch AppTests.xctest */,
				840E5A922F5D238100339438 /* Spiral Watch App Watch AppUITests.xctest */,
			);
			name = Products;
			sourceTree = "<group>";
		};
/* End PBXGroup section */

/* Begin PBXNativeTarget section */
		840E5A7B2F5D238000339438 /* Spiral Watch App Watch App */ = {
			isa = PBXNativeTarget;
			buildConfigurationList = 840E5AA42F5D238100339438 /* Build configuration list for PBXNativeTarget "Spiral Watch App Watch App" */;
			buildPhases = (
				840E5A782F5D238000339438 /* Sources */,
				840E5A792F5D238000339438 /* Frameworks */,
				840E5A7A2F5D238000339438 /* Resources */,
			);
			buildRules = (
			);
			dependencies = (
			);
			fileSystemSynchronizedGroups = (
				840E5A7D2F5D238000339438 /* Spiral Watch App Watch App */,
			);
			name = "Spiral Watch App Watch App";
			packageProductDependencies = (
				840E5AB62F5D263600339438 /* SpiralKit */,
			);
			productName = "Spiral Watch App Watch App";
			productReference = 840E5A7C2F5D238000339438 /* Spiral Watch App Watch App.app */;
			productType = "com.apple.product-type.application";
		};
		840E5A872F5D238100339438 /* Spiral Watch App Watch AppTests */ = {
			isa = PBXNativeTarget;
			buildConfigurationList = 840E5AA52F5D238100339438 /* Build configuration list for PBXNativeTarget "Spiral Watch App Watch AppTests" */;
			buildPhases = (
				840E5A842F5D238100339438 /* Sources */,
				840E5A852F5D238100339438 /* Frameworks */,
				840E5A862F5D238100339438 /* Resources */,
			);
			buildRules = (
			);
			dependencies = (
				840E5A8A2F5D238100339438 /* PBXTargetDependency */,
			);
			fileSystemSynchronizedGroups = (
				840E5A8B2F5D238100339438 /* Spiral Watch App Watch AppTests */,
			);
			name = "Spiral Watch App Watch AppTests";
			packageProductDependencies = (
			);
			productName = "Spiral Watch App Watch AppTests";
			productReference = 840E5A882F5D238100339438 /* Spiral Watch App Watch AppTests.xctest */;
			productType = "com.apple.product-type.bundle.unit-test";
		};
		840E5A912F5D238100339438 /* Spiral Watch App Watch AppUITests */ = {
			isa = PBXNativeTarget;
			buildConfigurationList = 840E5AA62F5D238100339438 /* Build configuration list for PBXNativeTarget "Spiral Watch App Watch AppUITests" */;
			buildPhases = (
				840E5A8E2F5D238100339438 /* Sources */,
				840E5A8F2F5D238100339438 /* Frameworks */,
				840E5A902F5D238100339438 /* Resources */,
			);
			buildRules = (
			);
			dependencies = (
				840E5A942F5D238100339438 /* PBXTargetDependency */,
			);
			fileSystemSynchronizedGroups = (
				840E5A952F5D238100339438 /* Spiral Watch App Watch AppUITests */,
			);
			name = "Spiral Watch App Watch AppUITests";
			packageProductDependencies = (
			);
			productName = "Spiral Watch App Watch AppUITests";
			productReference = 840E5A922F5D238100339438 /* Spiral Watch App Watch AppUITests.xctest */;
			productType = "com.apple.product-type.bundle.ui-testing";
		};
		84729FC52F5D1263006CECC6 /* spiral journey project */ = {
			isa = PBXNativeTarget;
			buildConfigurationList = 84729FEA2F5D1265006CECC6 /* Build configuration list for PBXNativeTarget "spiral journey project" */;
			buildPhases = (
				84729FC22F5D1263006CECC6 /* Sources */,
				84729FC32F5D1263006CECC6 /* Frameworks */,
				84729FC42F5D1263006CECC6 /* Resources */,
				840E5A9D2F5D238100339438 /* Embed Watch Content */,
				BB000007BB000007BB000007 /* Embed Foundation Extensions */,
			);
			buildRules = (
			);
			dependencies = (
				840E5A9B2F5D238100339438 /* PBXTargetDependency */,
			);
			fileSystemSynchronizedGroups = (
				84729FC82F5D1263006CECC6 /* spiral journey project */,
			);
			name = "spiral journey project";
			packageProductDependencies = (
				AA000002AAAAAAAA00000002 /* SpiralKit */,
				DD000002DD000002DD000002 /* LLM */,
				CC000002CC000002CC000002 /* SpiralGeometry */,
			);
			productName = "spiral journey project";
			productReference = 84729FC62F5D1263006CECC6 /* spiral journey project.app */;
			productType = "com.apple.product-type.application";
		};
		84729FD62F5D1265006CECC6 /* spiral journey projectTests */ = {
			isa = PBXNativeTarget;
			buildConfigurationList = 84729FEF2F5D1265006CECC6 /* Build configuration list for PBXNativeTarget "spiral journey projectTests" */;
			buildPhases = (
				84729FD32F5D1265006CECC6 /* Sources */,
				84729FD42F5D1265006CECC6 /* Frameworks */,
				84729FD52F5D1265006CECC6 /* Resources */,
			);
			buildRules = (
			);
			dependencies = (
				84729FD92F5D1265006CECC6 /* PBXTargetDependency */,
			);
			fileSystemSynchronizedGroups = (
				84729FDA2F5D1265006CECC6 /* spiral journey projectTests */,
			);
			name = "spiral journey projectTests";
			packageProductDependencies = (
			);
			productName = "spiral journey projectTests";
			productReference = 84729FD72F5D1265006CECC6 /* spiral journey projectTests.xctest */;
			productType = "com.apple.product-type.bundle.unit-test";
		};
		84729FE02F5D1265006CECC6 /* spiral journey projectUITests */ = {
			isa = PBXNativeTarget;
			buildConfigurationList = 84729FF22F5D1265006CECC6 /* Build configuration list for PBXNativeTarget "spiral journey projectUITests" */;
			buildPhases = (
				84729FDD2F5D1265006CECC6 /* Sources */,
				84729FDE2F5D1265006CECC6 /* Frameworks */,
				84729FDF2F5D1265006CECC6 /* Resources */,
			);
			buildRules = (
			);
			dependencies = (
				84729FE32F5D1265006CECC6 /* PBXTargetDependency */,
			);
			fileSystemSynchronizedGroups = (
				84729FE42F5D1265006CECC6 /* spiral journey projectUITests */,
			);
			name = "spiral journey projectUITests";
			packageProductDependencies = (
			);
			productName = "spiral journey projectUITests";
			productReference = 84729FE12F5D1265006CECC6 /* spiral journey projectUITests.xctest */;
			productType = "com.apple.product-type.bundle.ui-testing";
		};
		BB000001BB000001BB000001 /* SpiralWidget */ = {
			isa = PBXNativeTarget;
			buildConfigurationList = BB000010BB000010BB000010 /* Build configuration list for PBXNativeTarget "SpiralWidget" */;
			buildPhases = (
				BB000008BB000008BB000008 /* Sources */,
				BB000009BB000009BB000009 /* Frameworks */,
				BB000011BB000011BB000011 /* Resources */,
			);
			buildRules = (
			);
			dependencies = (
			);
			fileSystemSynchronizedGroups = (
				BB000012BB000012BB000012 /* SpiralWidget */,
			);
			name = SpiralWidget;
			packageProductDependencies = (
				BB000003BB000003BB000003 /* SpiralKit */,
			);
			productName = SpiralWidget;
			productReference = BB000006BB000006BB000006 /* SpiralWidget.appex */;
			productType = "com.apple.product-type.app-extension";
		};
/* End PBXNativeTarget section */

/* Begin PBXProject section */
		84729FBE2F5D1263006CECC6 /* Project object */ = {
			isa = PBXProject;
			attributes = {
				BuildIndependentTargetsInParallel = 1;
				LastSwiftUpdateCheck = 2630;
				LastUpgradeCheck = 2630;
				TargetAttributes = {
					840E5A7B2F5D238000339438 = {
						CreatedOnToolsVersion = 26.3;
					};
					840E5A872F5D238100339438 = {
						CreatedOnToolsVersion = 26.3;
						TestTargetID = 840E5A7B2F5D238000339438;
					};
					840E5A912F5D238100339438 = {
						CreatedOnToolsVersion = 26.3;
						TestTargetID = 840E5A7B2F5D238000339438;
					};
					84729FC52F5D1263006CECC6 = {
						CreatedOnToolsVersion = 26.3;
					};
					84729FD62F5D1265006CECC6 = {
						CreatedOnToolsVersion = 26.3;
						TestTargetID = 84729FC52F5D1263006CECC6;
					};
					84729FE02F5D1265006CECC6 = {
						CreatedOnToolsVersion = 26.3;
						TestTargetID = 84729FC52F5D1263006CECC6;
					};
					BB000001BB000001BB000001 = {
						CreatedOnToolsVersion = 26.3;
					};
				};
			};
			buildConfigurationList = 84729FC12F5D1263006CECC6 /* Build configuration list for PBXProject "spiral journey project" */;
			developmentRegion = en;
			hasScannedForEncodings = 0;
			knownRegions = (
				en,
				Base,
			);
			mainGroup = 84729FBD2F5D1263006CECC6;
			minimizedProjectReferenceProxies = 1;
			packageReferences = (
				8472A0062F5D1E0B006CECC6 /* XCLocalSwiftPackageReference "SpiralKit" */,
				DD000001DD000001DD000001 /* XCRemoteSwiftPackageReference "LLM" */,
				CC000003CC000003CC000003 /* XCLocalSwiftPackageReference "SpiralGeometry" */,
			);
			preferredProjectObjectVersion = 77;
			productRefGroup = 84729FC72F5D1263006CECC6 /* Products */;
			projectDirPath = "";
			projectRoot = "";
			targets = (
				84729FC52F5D1263006CECC6 /* spiral journey project */,
				84729FD62F5D1265006CECC6 /* spiral journey projectTests */,
				84729FE02F5D1265006CECC6 /* spiral journey projectUITests */,
				840E5A7B2F5D238000339438 /* Spiral Watch App Watch App */,
				BB000001BB000001BB000001 /* SpiralWidget */,
				840E5A872F5D238100339438 /* Spiral Watch App Watch AppTests */,
				840E5A912F5D238100339438 /* Spiral Watch App Watch AppUITests */,
			);
		};
/* End PBXProject section */

/* Begin PBXResourcesBuildPhase section */
		840E5A7A2F5D238000339438 /* Resources */ = {
			isa = PBXResourcesBuildPhase;
			buildActionMask = 2147483647;
			files = (
			);
			runOnlyForDeploymentPostprocessing = 0;
		};
		840E5A862F5D238100339438 /* Resources */ = {
			isa = PBXResourcesBuildPhase;
			buildActionMask = 2147483647;
			files = (
			);
			runOnlyForDeploymentPostprocessing = 0;
		};
		840E5A902F5D238100339438 /* Resources */ = {
			isa = PBXResourcesBuildPhase;
			buildActionMask = 2147483647;
			files = (
			);
			runOnlyForDeploymentPostprocessing = 0;
		};
		84729FC42F5D1263006CECC6 /* Resources */ = {
			isa = PBXResourcesBuildPhase;
			buildActionMask = 2147483647;
			files = (
			);
			runOnlyForDeploymentPostprocessing = 0;
		};
		84729FD52F5D1265006CECC6 /* Resources */ = {
			isa = PBXResourcesBuildPhase;
			buildActionMask = 2147483647;
			files = (
			);
			runOnlyForDeploymentPostprocessing = 0;
		};
		84729FDF2F5D1265006CECC6 /* Resources */ = {
			isa = PBXResourcesBuildPhase;
			buildActionMask = 2147483647;
			files = (
			);
			runOnlyForDeploymentPostprocessing = 0;
		};
		BB000011BB000011BB000011 /* Resources */ = {
			isa = PBXResourcesBuildPhase;
			buildActionMask = 2147483647;
			files = (
			);
			runOnlyForDeploymentPostprocessing = 0;
		};
/* End PBXResourcesBuildPhase section */

/* Begin PBXSourcesBuildPhase section */
		840E5A782F5D238000339438 /* Sources */ = {
			isa = PBXSourcesBuildPhase;
			buildActionMask = 2147483647;
			files = (
			);
			runOnlyForDeploymentPostprocessing = 0;
		};
		840E5A842F5D238100339438 /* Sources */ = {
			isa = PBXSourcesBuildPhase;
			buildActionMask = 2147483647;
			files = (
			);
			runOnlyForDeploymentPostprocessing = 0;
		};
		840E5A8E2F5D238100339438 /* Sources */ = {
			isa = PBXSourcesBuildPhase;
			buildActionMask = 2147483647;
			files = (
			);
			runOnlyForDeploymentPostprocessing = 0;
		};
		84729FC22F5D1263006CECC6 /* Sources */ = {
			isa = PBXSourcesBuildPhase;
			buildActionMask = 2147483647;
			files = (
			);
			runOnlyForDeploymentPostprocessing = 0;
		};
		84729FD32F5D1265006CECC6 /* Sources */ = {
			isa = PBXSourcesBuildPhase;
			buildActionMask = 2147483647;
			files = (
			);
			runOnlyForDeploymentPostprocessing = 0;
		};
		84729FDD2F5D1265006CECC6 /* Sources */ = {
			isa = PBXSourcesBuildPhase;
			buildActionMask = 2147483647;
			files = (
			);
			runOnlyForDeploymentPostprocessing = 0;
		};
		BB000008BB000008BB000008 /* Sources */ = {
			isa = PBXSourcesBuildPhase;
			buildActionMask = 2147483647;
			files = (
			);
			runOnlyForDeploymentPostprocessing = 0;
		};
/* End PBXSourcesBuildPhase section */

/* Begin PBXTargetDependency section */
		840E5A8A2F5D238100339438 /* PBXTargetDependency */ = {
			isa = PBXTargetDependency;
			target = 840E5A7B2F5D238000339438 /* Spiral Watch App Watch App */;
			targetProxy = 840E5A892F5D238100339438 /* PBXContainerItemProxy */;
		};
		840E5A942F5D238100339438 /* PBXTargetDependency */ = {
			isa = PBXTargetDependency;
			target = 840E5A7B2F5D238000339438 /* Spiral Watch App Watch App */;
			targetProxy = 840E5A932F5D238100339438 /* PBXContainerItemProxy */;
		};
		840E5A9B2F5D238100339438 /* PBXTargetDependency */ = {
			isa = PBXTargetDependency;
			platformFilter = ios;
			target = 840E5A7B2F5D238000339438 /* Spiral Watch App Watch App */;
			targetProxy = 840E5A9A2F5D238100339438 /* PBXContainerItemProxy */;
		};
		84729FD92F5D1265006CECC6 /* PBXTargetDependency */ = {
			isa = PBXTargetDependency;
			target = 84729FC52F5D1263006CECC6 /* spiral journey project */;
			targetProxy = 84729FD82F5D1265006CECC6 /* PBXContainerItemProxy */;
		};
		84729FE32F5D1265006CECC6 /* PBXTargetDependency */ = {
			isa = PBXTargetDependency;
			target = 84729FC52F5D1263006CECC6 /* spiral journey project */;
			targetProxy = 84729FE22F5D1265006CECC6 /* PBXContainerItemProxy */;
		};
/* End PBXTargetDependency section */

/* Begin XCBuildConfiguration section */
		840E5A9E2F5D238100339438 /* Debug */ = {
			isa = XCBuildConfiguration;
			buildSettings = {
				ASSETCATALOG_COMPILER_APPICON_NAME = AppIcon;
				ASSETCATALOG_COMPILER_GLOBAL_ACCENT_COLOR_NAME = AccentColor;
				CODE_SIGN_ENTITLEMENTS = "Spiral Watch App Watch App/Spiral Watch App Watch App.entitlements";
				CODE_SIGN_IDENTITY = "Apple Development";
				CODE_SIGN_STYLE = Automatic;
				CURRENT_PROJECT_VERSION = 6;
				DEVELOPMENT_TEAM = R29D2W5992;
				ENABLE_PREVIEWS = YES;
				GENERATE_INFOPLIST_FILE = YES;
				INFOPLIST_FILE = "Spiral Watch App Watch App/Info.plist";
				INFOPLIST_KEY_CFBundleDisplayName = "Spiral Watch App";
				INFOPLIST_KEY_CFBundleName = "Spiral Watch App";
				INFOPLIST_KEY_NSHealthShareUsageDescription = "Spiral Journey reads your sleep data from Apple Health to analyze your circadian rhythm and show sleep statistics on your wrist. Your data stays on your device and is never shared.";
				INFOPLIST_KEY_NSHealthUpdateUsageDescription = "Spiral Journey records your sleep preferences and circadian events to provide personalized tracking of your rest.";
				INFOPLIST_KEY_UISupportedInterfaceOrientations = "UIInterfaceOrientationPortrait UIInterfaceOrientationPortraitUpsideDown";
				INFOPLIST_KEY_WKCompanionAppBundleIdentifier = "xaron.spiral-journey-project";
				INFOPLIST_KEY_WKRunsIndependentlyOfCompanionApp = YES;
				LD_RUNPATH_SEARCH_PATHS = (
					"$(inherited)",
					"@executable_path/Frameworks",
				);
				MARKETING_VERSION = 1.1.1;
				PRODUCT_BUNDLE_IDENTIFIER = "xaron.spiral-journey-project.watchkitapp";
				PRODUCT_NAME = "$(TARGET_NAME)";
				PROVISIONING_PROFILE_SPECIFIER = "";
				SDKROOT = watchos;
				SKIP_INSTALL = YES;
				STRING_CATALOG_GENERATE_SYMBOLS = YES;
				SWIFT_APPROACHABLE_CONCURRENCY = YES;
				SWIFT_DEFAULT_ACTOR_ISOLATION = MainActor;
				SWIFT_EMIT_LOC_STRINGS = YES;
				SWIFT_UPCOMING_FEATURE_MEMBER_IMPORT_VISIBILITY = YES;
				SWIFT_VERSION = 5.0;
				TARGETED_DEVICE_FAMILY = 4;
				WATCHOS_DEPLOYMENT_TARGET = 11.0;
			};
			name = Debug;
		};
		840E5A9F2F5D238100339438 /* Release */ = {
			isa = XCBuildConfiguration;
			buildSettings = {
				ASSETCATALOG_COMPILER_APPICON_NAME = AppIcon;
				ASSETCATALOG_COMPILER_GLOBAL_ACCENT_COLOR_NAME = AccentColor;
				CODE_SIGN_ENTITLEMENTS = "Spiral Watch App Watch App/Spiral Watch App Watch App.entitlements";
				CODE_SIGN_IDENTITY = "Apple Development";
				CODE_SIGN_STYLE = Automatic;
				CURRENT_PROJECT_VERSION = 6;
				DEVELOPMENT_TEAM = R29D2W5992;
				ENABLE_PREVIEWS = YES;
				GENERATE_INFOPLIST_FILE = YES;
				INFOPLIST_FILE = "Spiral Watch App Watch App/Info.plist";
				INFOPLIST_KEY_CFBundleDisplayName = "Spiral Watch App";
				INFOPLIST_KEY_CFBundleName = "Spiral Watch App";
				INFOPLIST_KEY_NSHealthShareUsageDescription = "Spiral Journey reads your sleep data from Apple Health to analyze your circadian rhythm and show sleep statistics on your wrist. Your data stays on your device and is never shared.";
				INFOPLIST_KEY_NSHealthUpdateUsageDescription = "Spiral Journey records your sleep preferences and circadian events to provide personalized tracking of your rest.";
				INFOPLIST_KEY_UISupportedInterfaceOrientations = "UIInterfaceOrientationPortrait UIInterfaceOrientationPortraitUpsideDown";
				INFOPLIST_KEY_WKCompanionAppBundleIdentifier = "xaron.spiral-journey-project";
				INFOPLIST_KEY_WKRunsIndependentlyOfCompanionApp = YES;
				LD_RUNPATH_SEARCH_PATHS = (
					"$(inherited)",
					"@executable_path/Frameworks",
				);
				MARKETING_VERSION = 1.1.1;
				PRODUCT_BUNDLE_IDENTIFIER = "xaron.spiral-journey-project.watchkitapp";
				PRODUCT_NAME = "$(TARGET_NAME)";
				PROVISIONING_PROFILE_SPECIFIER = "";
				SDKROOT = watchos;
				SKIP_INSTALL = YES;
				STRING_CATALOG_GENERATE_SYMBOLS = YES;
				SWIFT_APPROACHABLE_CONCURRENCY = YES;
				SWIFT_DEFAULT_ACTOR_ISOLATION = MainActor;
				SWIFT_EMIT_LOC_STRINGS = YES;
				SWIFT_UPCOMING_FEATURE_MEMBER_IMPORT_VISIBILITY = YES;
				SWIFT_VERSION = 5.0;
				TARGETED_DEVICE_FAMILY = 4;
				VALIDATE_PRODUCT = YES;
				WATCHOS_DEPLOYMENT_TARGET = 11.0;
			};
			name = Release;
		};
		840E5AA02F5D238100339438 /* Debug */ = {
			isa = XCBuildConfiguration;
			buildSettings = {
				BUNDLE_LOADER = "$(TEST_HOST)";
				CODE_SIGN_STYLE = Automatic;
				CURRENT_PROJECT_VERSION = 6;
				DEVELOPMENT_TEAM = R29D2W5992;
				GENERATE_INFOPLIST_FILE = YES;
				MARKETING_VERSION = 1.1.1;
				PRODUCT_BUNDLE_IDENTIFIER = "xaron.Spiral-Watch-App-Watch-AppTests";
				PRODUCT_NAME = "$(TARGET_NAME)";
				SDKROOT = watchos;
				STRING_CATALOG_GENERATE_SYMBOLS = NO;
				SWIFT_APPROACHABLE_CONCURRENCY = YES;
				SWIFT_EMIT_LOC_STRINGS = NO;
				SWIFT_UPCOMING_FEATURE_MEMBER_IMPORT_VISIBILITY = YES;
				SWIFT_VERSION = 5.0;
				TARGETED_DEVICE_FAMILY = 4;
				TEST_HOST = "$(BUILT_PRODUCTS_DIR)/Spiral Watch App Watch App.app/$(BUNDLE_EXECUTABLE_FOLDER_PATH)/Spiral Watch App Watch App";
				WATCHOS_DEPLOYMENT_TARGET = 11.0;
			};
			name = Debug;
		};
		840E5AA12F5D238100339438 /* Release */ = {
			isa = XCBuildConfiguration;
			buildSettings = {
				BUNDLE_LOADER = "$(TEST_HOST)";
				CODE_SIGN_STYLE = Automatic;
				CURRENT_PROJECT_VERSION = 6;
				DEVELOPMENT_TEAM = R29D2W5992;
				GENERATE_INFOPLIST_FILE = YES;
				MARKETING_VERSION = 1.1.1;
				PRODUCT_BUNDLE_IDENTIFIER = "xaron.Spiral-Watch-App-Watch-AppTests";
				PRODUCT_NAME = "$(TARGET_NAME)";
				SDKROOT = watchos;
				STRING_CATALOG_GENERATE_SYMBOLS = NO;
				SWIFT_APPROACHABLE_CONCURRENCY = YES;
				SWIFT_EMIT_LOC_STRINGS = NO;
				SWIFT_UPCOMING_FEATURE_MEMBER_IMPORT_VISIBILITY = YES;
				SWIFT_VERSION = 5.0;
				TARGETED_DEVICE_FAMILY = 4;
				TEST_HOST = "$(BUILT_PRODUCTS_DIR)/Spiral Watch App Watch App.app/$(BUNDLE_EXECUTABLE_FOLDER_PATH)/Spiral Watch App Watch App";
				VALIDATE_PRODUCT = YES;
				WATCHOS_DEPLOYMENT_TARGET = 11.0;
			};
			name = Release;
		};
		840E5AA22F5D238100339438 /* Debug */ = {
			isa = XCBuildConfiguration;
			buildSettings = {
				CODE_SIGN_STYLE = Automatic;
				CURRENT_PROJECT_VERSION = 6;
				DEVELOPMENT_TEAM = R29D2W5992;
				GENERATE_INFOPLIST_FILE = YES;
				MARKETING_VERSION = 1.1.1;
				PRODUCT_BUNDLE_IDENTIFIER = "xaron.Spiral-Watch-App-Watch-AppUITests";
				PRODUCT_NAME = "$(TARGET_NAME)";
				SDKROOT = watchos;
				STRING_CATALOG_GENERATE_SYMBOLS = NO;
				SWIFT_APPROACHABLE_CONCURRENCY = YES;
				SWIFT_EMIT_LOC_STRINGS = NO;
				SWIFT_UPCOMING_FEATURE_MEMBER_IMPORT_VISIBILITY = YES;
				SWIFT_VERSION = 5.0;
				TARGETED_DEVICE_FAMILY = 4;
				TEST_TARGET_NAME = "Spiral Watch App Watch App";
				WATCHOS_DEPLOYMENT_TARGET = 11.0;
			};
			name = Debug;
		};
		840E5AA32F5D238100339438 /* Release */ = {
			isa = XCBuildConfiguration;
			buildSettings = {
				CODE_SIGN_STYLE = Automatic;
				CURRENT_PROJECT_VERSION = 6;
				DEVELOPMENT_TEAM = R29D2W5992;
				GENERATE_INFOPLIST_FILE = YES;
				MARKETING_VERSION = 1.1.1;
				PRODUCT_BUNDLE_IDENTIFIER = "xaron.Spiral-Watch-App-Watch-AppUITests";
				PRODUCT_NAME = "$(TARGET_NAME)";
				SDKROOT = watchos;
				STRING_CATALOG_GENERATE_SYMBOLS = NO;
				SWIFT_APPROACHABLE_CONCURRENCY = YES;
				SWIFT_EMIT_LOC_STRINGS = NO;
				SWIFT_UPCOMING_FEATURE_MEMBER_IMPORT_VISIBILITY = YES;
				SWIFT_VERSION = 5.0;
				TARGETED_DEVICE_FAMILY = 4;
				TEST_TARGET_NAME = "Spiral Watch App Watch App";
				VALIDATE_PRODUCT = YES;
				WATCHOS_DEPLOYMENT_TARGET = 11.0;
			};
			name = Release;
		};
		84729FEB2F5D1265006CECC6 /* Debug */ = {
			isa = XCBuildConfiguration;
			buildSettings = {
				ASSETCATALOG_COMPILER_APPICON_NAME = AppIcon;
				ASSETCATALOG_COMPILER_GLOBAL_ACCENT_COLOR_NAME = AccentColor;
				CODE_SIGN_ENTITLEMENTS = "spiral journey project/spiral journey project.entitlements";
				CODE_SIGN_IDENTITY = "Apple Development";
				CODE_SIGN_STYLE = Automatic;
				CURRENT_PROJECT_VERSION = 6;
				DEVELOPMENT_TEAM = R29D2W5992;
				ENABLE_APP_SANDBOX = YES;
				ENABLE_INCOMING_NETWORK_CONNECTIONS = NO;
				ENABLE_OUTGOING_NETWORK_CONNECTIONS = NO;
				ENABLE_PREVIEWS = YES;
				ENABLE_RESOURCE_ACCESS_AUDIO_INPUT = NO;
				ENABLE_RESOURCE_ACCESS_BLUETOOTH = NO;
				ENABLE_RESOURCE_ACCESS_CALENDARS = YES;
				ENABLE_RESOURCE_ACCESS_CAMERA = NO;
				ENABLE_RESOURCE_ACCESS_CONTACTS = NO;
				ENABLE_RESOURCE_ACCESS_LOCATION = YES;
				ENABLE_RESOURCE_ACCESS_PRINTING = NO;
				ENABLE_RESOURCE_ACCESS_USB = NO;
				ENABLE_USER_SELECTED_FILES = readonly;
				GENERATE_INFOPLIST_FILE = YES;
				INFOPLIST_FILE = "spiral journey project/Info.plist";
				INFOPLIST_KEY_CFBundleDisplayName = "Spiral Journey";
				INFOPLIST_KEY_CFBundleName = "Spiral Journey";
				INFOPLIST_KEY_LSApplicationCategoryType = "public.app-category.healthcare-fitness";
				INFOPLIST_KEY_NSHealthShareUsageDescription = "Spiral Journey uses your sleep data from Apple Health to visualize your circadian rhythm on the spiral.";
				"INFOPLIST_KEY_UIApplicationSceneManifest_Generation[sdk=iphoneos*]" = YES;
				"INFOPLIST_KEY_UIApplicationSceneManifest_Generation[sdk=iphonesimulator*]" = YES;
				"INFOPLIST_KEY_UIApplicationSupportsIndirectInputEvents[sdk=iphoneos*]" = YES;
				"INFOPLIST_KEY_UIApplicationSupportsIndirectInputEvents[sdk=iphonesimulator*]" = YES;
				"INFOPLIST_KEY_UILaunchScreen_Generation[sdk=iphoneos*]" = YES;
				"INFOPLIST_KEY_UILaunchScreen_Generation[sdk=iphonesimulator*]" = YES;
				"INFOPLIST_KEY_UIStatusBarStyle[sdk=iphoneos*]" = UIStatusBarStyleDefault;
				"INFOPLIST_KEY_UIStatusBarStyle[sdk=iphonesimulator*]" = UIStatusBarStyleDefault;
				INFOPLIST_KEY_UISupportedInterfaceOrientations_iPad = "UIInterfaceOrientationPortrait UIInterfaceOrientationPortraitUpsideDown UIInterfaceOrientationLandscapeLeft UIInterfaceOrientationLandscapeRight";
				INFOPLIST_KEY_UISupportedInterfaceOrientations_iPhone = "UIInterfaceOrientationPortrait UIInterfaceOrientationLandscapeLeft UIInterfaceOrientationLandscapeRight";
				IPHONEOS_DEPLOYMENT_TARGET = 17.0;
				LD_RUNPATH_SEARCH_PATHS = "@executable_path/Frameworks";
				"LD_RUNPATH_SEARCH_PATHS[sdk=macosx*]" = "@executable_path/../Frameworks";
				MACOSX_DEPLOYMENT_TARGET = 15.0;
				MARKETING_VERSION = 1.1.1;
				PRODUCT_BUNDLE_IDENTIFIER = "xaron.spiral-journey-project";
				PRODUCT_NAME = "$(TARGET_NAME)";
				PROVISIONING_PROFILE_SPECIFIER = "";
				REGISTER_APP_GROUPS = YES;
				SDKROOT = auto;
				STRING_CATALOG_GENERATE_SYMBOLS = YES;
				SUPPORTED_PLATFORMS = "iphoneos iphonesimulator macosx xros xrsimulator";
				SWIFT_APPROACHABLE_CONCURRENCY = YES;
				SWIFT_DEFAULT_ACTOR_ISOLATION = MainActor;
				SWIFT_EMIT_LOC_STRINGS = YES;
				SWIFT_UPCOMING_FEATURE_MEMBER_IMPORT_VISIBILITY = YES;
				SWIFT_VERSION = 5.0;
				TARGETED_DEVICE_FAMILY = "1,2,7";
				XROS_DEPLOYMENT_TARGET = 1.0;
			};
			name = Debug;
		};
		84729FEC2F5D1265006CECC6 /* Release */ = {
			isa = XCBuildConfiguration;
			buildSettings = {
				ASSETCATALOG_COMPILER_APPICON_NAME = AppIcon;
				ASSETCATALOG_COMPILER_GLOBAL_ACCENT_COLOR_NAME = AccentColor;
				CODE_SIGN_ENTITLEMENTS = "spiral journey project/spiral journey projectRelease.entitlements";
				CODE_SIGN_IDENTITY = "Apple Development";
				CODE_SIGN_STYLE = Automatic;
				CURRENT_PROJECT_VERSION = 6;
				DEVELOPMENT_TEAM = R29D2W5992;
				ENABLE_APP_SANDBOX = YES;
				ENABLE_INCOMING_NETWORK_CONNECTIONS = NO;
				ENABLE_OUTGOING_NETWORK_CONNECTIONS = NO;
				ENABLE_PREVIEWS = YES;
				ENABLE_RESOURCE_ACCESS_AUDIO_INPUT = NO;
				ENABLE_RESOURCE_ACCESS_BLUETOOTH = NO;
				ENABLE_RESOURCE_ACCESS_CALENDARS = YES;
				ENABLE_RESOURCE_ACCESS_CAMERA = NO;
				ENABLE_RESOURCE_ACCESS_CONTACTS = NO;
				ENABLE_RESOURCE_ACCESS_LOCATION = YES;
				ENABLE_RESOURCE_ACCESS_PRINTING = NO;
				ENABLE_RESOURCE_ACCESS_USB = NO;
				ENABLE_USER_SELECTED_FILES = readonly;
				GENERATE_INFOPLIST_FILE = YES;
				INFOPLIST_FILE = "spiral journey project/Info.plist";
				INFOPLIST_KEY_CFBundleDisplayName = "Spiral Journey";
				INFOPLIST_KEY_CFBundleName = "Spiral Journey";
				INFOPLIST_KEY_LSApplicationCategoryType = "public.app-category.healthcare-fitness";
				INFOPLIST_KEY_NSHealthShareUsageDescription = "Spiral Journey uses your sleep data from Apple Health to visualize your circadian rhythm on the spiral.";
				"INFOPLIST_KEY_UIApplicationSceneManifest_Generation[sdk=iphoneos*]" = YES;
				"INFOPLIST_KEY_UIApplicationSceneManifest_Generation[sdk=iphonesimulator*]" = YES;
				"INFOPLIST_KEY_UIApplicationSupportsIndirectInputEvents[sdk=iphoneos*]" = YES;
				"INFOPLIST_KEY_UIApplicationSupportsIndirectInputEvents[sdk=iphonesimulator*]" = YES;
				"INFOPLIST_KEY_UILaunchScreen_Generation[sdk=iphoneos*]" = YES;
				"INFOPLIST_KEY_UILaunchScreen_Generation[sdk=iphonesimulator*]" = YES;
				"INFOPLIST_KEY_UIStatusBarStyle[sdk=iphoneos*]" = UIStatusBarStyleDefault;
				"INFOPLIST_KEY_UIStatusBarStyle[sdk=iphonesimulator*]" = UIStatusBarStyleDefault;
				INFOPLIST_KEY_UISupportedInterfaceOrientations_iPad = "UIInterfaceOrientationPortrait UIInterfaceOrientationPortraitUpsideDown UIInterfaceOrientationLandscapeLeft UIInterfaceOrientationLandscapeRight";
				INFOPLIST_KEY_UISupportedInterfaceOrientations_iPhone = "UIInterfaceOrientationPortrait UIInterfaceOrientationLandscapeLeft UIInterfaceOrientationLandscapeRight";
				IPHONEOS_DEPLOYMENT_TARGET = 17.0;
				LD_RUNPATH_SEARCH_PATHS = "@executable_path/Frameworks";
				"LD_RUNPATH_SEARCH_PATHS[sdk=macosx*]" = "@executable_path/../Frameworks";
				MACOSX_DEPLOYMENT_TARGET = 15.0;
				MARKETING_VERSION = 1.1.1;
				PRODUCT_BUNDLE_IDENTIFIER = "xaron.spiral-journey-project";
				PRODUCT_NAME = "$(TARGET_NAME)";
				PROVISIONING_PROFILE_SPECIFIER = "";
				REGISTER_APP_GROUPS = YES;
				SDKROOT = auto;
				STRING_CATALOG_GENERATE_SYMBOLS = YES;
				SUPPORTED_PLATFORMS = "iphoneos iphonesimulator macosx xros xrsimulator";
				SWIFT_APPROACHABLE_CONCURRENCY = YES;
				SWIFT_DEFAULT_ACTOR_ISOLATION = MainActor;
				SWIFT_EMIT_LOC_STRINGS = YES;
				SWIFT_UPCOMING_FEATURE_MEMBER_IMPORT_VISIBILITY = YES;
				SWIFT_VERSION = 5.0;
				TARGETED_DEVICE_FAMILY = "1,2,7";
				XROS_DEPLOYMENT_TARGET = 1.0;
			};
			name = Release;
		};
		84729FED2F5D1265006CECC6 /* Debug */ = {
			isa = XCBuildConfiguration;
			buildSettings = {
				ALWAYS_SEARCH_USER_PATHS = NO;
				ASSETCATALOG_COMPILER_GENERATE_SWIFT_ASSET_SYMBOL_EXTENSIONS = YES;
				CLANG_ANALYZER_NONNULL = YES;
				CLANG_ANALYZER_NUMBER_OBJECT_CONVERSION = YES_AGGRESSIVE;
				CLANG_CXX_LANGUAGE_STANDARD = "gnu++20";
				CLANG_ENABLE_MODULES = YES;
				CLANG_ENABLE_OBJC_ARC = YES;
				CLANG_ENABLE_OBJC_WEAK = YES;
				CLANG_WARN_BLOCK_CAPTURE_AUTORELEASING = YES;
				CLANG_WARN_BOOL_CONVERSION = YES;
				CLANG_WARN_COMMA = YES;
				CLANG_WARN_CONSTANT_CONVERSION = YES;
				CLANG_WARN_DEPRECATED_OBJC_IMPLEMENTATIONS = YES;
				CLANG_WARN_DIRECT_OBJC_ISA_USAGE = YES_ERROR;
				CLANG_WARN_DOCUMENTATION_COMMENTS = YES;
				CLANG_WARN_EMPTY_BODY = YES;
				CLANG_WARN_ENUM_CONVERSION = YES;
				CLANG_WARN_INFINITE_RECURSION = YES;
				CLANG_WARN_INT_CONVERSION = YES;
				CLANG_WARN_NON_LITERAL_NULL_CONVERSION = YES;
				CLANG_WARN_OBJC_IMPLICIT_RETAIN_SELF = YES;
				CLANG_WARN_OBJC_LITERAL_CONVERSION = YES;
				CLANG_WARN_OBJC_ROOT_CLASS = YES_ERROR;
				CLANG_WARN_QUOTED_INCLUDE_IN_FRAMEWORK_HEADER = YES;
				CLANG_WARN_RANGE_LOOP_ANALYSIS = YES;
				CLANG_WARN_STRICT_PROTOTYPES = YES;
				CLANG_WARN_SUSPICIOUS_MOVE = YES;
				CLANG_WARN_UNGUARDED_AVAILABILITY = YES_AGGRESSIVE;
				CLANG_WARN_UNREACHABLE_CODE = YES;
				CLANG_WARN__DUPLICATE_METHOD_MATCH = YES;
				COPY_PHASE_STRIP = NO;
				DEBUG_INFORMATION_FORMAT = dwarf;
				ENABLE_STRICT_OBJC_MSGSEND = YES;
				ENABLE_TESTABILITY = YES;
				ENABLE_USER_SCRIPT_SANDBOXING = YES;
				GCC_C_LANGUAGE_STANDARD = gnu17;
				GCC_DYNAMIC_NO_PIC = NO;
				GCC_NO_COMMON_BLOCKS = YES;
				GCC_OPTIMIZATION_LEVEL = 0;
				GCC_PREPROCESSOR_DEFINITIONS = (
					"DEBUG=1",
					"$(inherited)",
				);
				GCC_WARN_64_TO_32_BIT_CONVERSION = YES;
				GCC_WARN_ABOUT_RETURN_TYPE = YES_ERROR;
				GCC_WARN_UNDECLARED_SELECTOR = YES;
				GCC_WARN_UNINITIALIZED_AUTOS = YES_AGGRESSIVE;
				GCC_WARN_UNUSED_FUNCTION = YES;
				GCC_WARN_UNUSED_VARIABLE = YES;
				LOCALIZATION_PREFERS_STRING_CATALOGS = YES;
				MTL_ENABLE_DEBUG_INFO = INCLUDE_SOURCE;
				MTL_FAST_MATH = YES;
				ONLY_ACTIVE_ARCH = YES;
				SWIFT_ACTIVE_COMPILATION_CONDITIONS = "DEBUG $(inherited)";
				SWIFT_OPTIMIZATION_LEVEL = "-Onone";
			};
			name = Debug;
		};
		84729FEE2F5D1265006CECC6 /* Release */ = {
			isa = XCBuildConfiguration;
			buildSettings = {
				ALWAYS_SEARCH_USER_PATHS = NO;
				ASSETCATALOG_COMPILER_GENERATE_SWIFT_ASSET_SYMBOL_EXTENSIONS = YES;
				CLANG_ANALYZER_NONNULL = YES;
				CLANG_ANALYZER_NUMBER_OBJECT_CONVERSION = YES_AGGRESSIVE;
				CLANG_CXX_LANGUAGE_STANDARD = "gnu++20";
				CLANG_ENABLE_MODULES = YES;
				CLANG_ENABLE_OBJC_ARC = YES;
				CLANG_ENABLE_OBJC_WEAK = YES;
				CLANG_WARN_BLOCK_CAPTURE_AUTORELEASING = YES;
				CLANG_WARN_BOOL_CONVERSION = YES;
				CLANG_WARN_COMMA = YES;
				CLANG_WARN_CONSTANT_CONVERSION = YES;
				CLANG_WARN_DEPRECATED_OBJC_IMPLEMENTATIONS = YES;
				CLANG_WARN_DIRECT_OBJC_ISA_USAGE = YES_ERROR;
				CLANG_WARN_DOCUMENTATION_COMMENTS = YES;
				CLANG_WARN_EMPTY_BODY = YES;
				CLANG_WARN_ENUM_CONVERSION = YES;
				CLANG_WARN_INFINITE_RECURSION = YES;
				CLANG_WARN_INT_CONVERSION = YES;
				CLANG_WARN_NON_LITERAL_NULL_CONVERSION = YES;
				CLANG_WARN_OBJC_IMPLICIT_RETAIN_SELF = YES;
				CLANG_WARN_OBJC_LITERAL_CONVERSION = YES;
				CLANG_WARN_OBJC_ROOT_CLASS = YES_ERROR;
				CLANG_WARN_QUOTED_INCLUDE_IN_FRAMEWORK_HEADER = YES;
				CLANG_WARN_RANGE_LOOP_ANALYSIS = YES;
				CLANG_WARN_STRICT_PROTOTYPES = YES;
				CLANG_WARN_SUSPICIOUS_MOVE = YES;
				CLANG_WARN_UNGUARDED_AVAILABILITY = YES_AGGRESSIVE;
				CLANG_WARN_UNREACHABLE_CODE = YES;
				CLANG_WARN__DUPLICATE_METHOD_MATCH = YES;
				COPY_PHASE_STRIP = NO;
				DEBUG_INFORMATION_FORMAT = "dwarf-with-dsym";
				ENABLE_NS_ASSERTIONS = NO;
				ENABLE_STRICT_OBJC_MSGSEND = YES;
				ENABLE_USER_SCRIPT_SANDBOXING = YES;
				GCC_C_LANGUAGE_STANDARD = gnu17;
				GCC_NO_COMMON_BLOCKS = YES;
				GCC_WARN_64_TO_32_BIT_CONVERSION = YES;
				GCC_WARN_ABOUT_RETURN_TYPE = YES_ERROR;
				GCC_WARN_UNDECLARED_SELECTOR = YES;
				GCC_WARN_UNINITIALIZED_AUTOS = YES_AGGRESSIVE;
				GCC_WARN_UNUSED_FUNCTION = YES;
				GCC_WARN_UNUSED_VARIABLE = YES;
				LOCALIZATION_PREFERS_STRING_CATALOGS = YES;
				MTL_ENABLE_DEBUG_INFO = NO;
				MTL_FAST_MATH = YES;
				SWIFT_COMPILATION_MODE = wholemodule;
			};
			name = Release;
		};
		84729FF02F5D1265006CECC6 /* Debug */ = {
			isa = XCBuildConfiguration;
			buildSettings = {
				BUNDLE_LOADER = "$(TEST_HOST)";
				CODE_SIGN_STYLE = Automatic;
				CURRENT_PROJECT_VERSION = 6;
				DEVELOPMENT_TEAM = R29D2W5992;
				GENERATE_INFOPLIST_FILE = YES;
				IPHONEOS_DEPLOYMENT_TARGET = 17.0;
				MACOSX_DEPLOYMENT_TARGET = 15.0;
				MARKETING_VERSION = 1.1.1;
				PRODUCT_BUNDLE_IDENTIFIER = "xaron.spiral-journey-projectTests";
				PRODUCT_NAME = "$(TARGET_NAME)";
				SDKROOT = auto;
				STRING_CATALOG_GENERATE_SYMBOLS = NO;
				SUPPORTED_PLATFORMS = "iphoneos iphonesimulator macosx xros xrsimulator";
				SWIFT_APPROACHABLE_CONCURRENCY = YES;
				SWIFT_EMIT_LOC_STRINGS = NO;
				SWIFT_UPCOMING_FEATURE_MEMBER_IMPORT_VISIBILITY = YES;
				SWIFT_VERSION = 5.0;
				TARGETED_DEVICE_FAMILY = "1,2,7";
				TEST_HOST = "$(BUILT_PRODUCTS_DIR)/spiral journey project.app/$(BUNDLE_EXECUTABLE_FOLDER_PATH)/spiral journey project";
				XROS_DEPLOYMENT_TARGET = 1.0;
			};
			name = Debug;
		};
		84729FF12F5D1265006CECC6 /* Release */ = {
			isa = XCBuildConfiguration;
			buildSettings = {
				BUNDLE_LOADER = "$(TEST_HOST)";
				CODE_SIGN_STYLE = Automatic;
				CURRENT_PROJECT_VERSION = 6;
				DEVELOPMENT_TEAM = R29D2W5992;
				GENERATE_INFOPLIST_FILE = YES;
				IPHONEOS_DEPLOYMENT_TARGET = 17.0;
				MACOSX_DEPLOYMENT_TARGET = 15.0;
				MARKETING_VERSION = 1.1.1;
				PRODUCT_BUNDLE_IDENTIFIER = "xaron.spiral-journey-projectTests";
				PRODUCT_NAME = "$(TARGET_NAME)";
				SDKROOT = auto;
				STRING_CATALOG_GENERATE_SYMBOLS = NO;
				SUPPORTED_PLATFORMS = "iphoneos iphonesimulator macosx xros xrsimulator";
				SWIFT_APPROACHABLE_CONCURRENCY = YES;
				SWIFT_EMIT_LOC_STRINGS = NO;
				SWIFT_UPCOMING_FEATURE_MEMBER_IMPORT_VISIBILITY = YES;
				SWIFT_VERSION = 5.0;
				TARGETED_DEVICE_FAMILY = "1,2,7";
				TEST_HOST = "$(BUILT_PRODUCTS_DIR)/spiral journey project.app/$(BUNDLE_EXECUTABLE_FOLDER_PATH)/spiral journey project";
				XROS_DEPLOYMENT_TARGET = 1.0;
			};
			name = Release;
		};
		84729FF32F5D1265006CECC6 /* Debug */ = {
			isa = XCBuildConfiguration;
			buildSettings = {
				CODE_SIGN_STYLE = Automatic;
				CURRENT_PROJECT_VERSION = 6;
				DEVELOPMENT_TEAM = R29D2W5992;
				GENERATE_INFOPLIST_FILE = YES;
				IPHONEOS_DEPLOYMENT_TARGET = 17.0;
				MACOSX_DEPLOYMENT_TARGET = 15.0;
				MARKETING_VERSION = 1.1.1;
				PRODUCT_BUNDLE_IDENTIFIER = "xaron.spiral-journey-projectUITests";
				PRODUCT_NAME = "$(TARGET_NAME)";
				SDKROOT = auto;
				STRING_CATALOG_GENERATE_SYMBOLS = NO;
				SUPPORTED_PLATFORMS = "iphoneos iphonesimulator macosx xros xrsimulator";
				SWIFT_APPROACHABLE_CONCURRENCY = YES;
				SWIFT_EMIT_LOC_STRINGS = NO;
				SWIFT_UPCOMING_FEATURE_MEMBER_IMPORT_VISIBILITY = YES;
				SWIFT_VERSION = 5.0;
				TARGETED_DEVICE_FAMILY = "1,2,7";
				TEST_TARGET_NAME = "spiral journey project";
				XROS_DEPLOYMENT_TARGET = 1.0;
			};
			name = Debug;
		};
		84729FF42F5D1265006CECC6 /* Release */ = {
			isa = XCBuildConfiguration;
			buildSettings = {
				CODE_SIGN_STYLE = Automatic;
				CURRENT_PROJECT_VERSION = 6;
				DEVELOPMENT_TEAM = R29D2W5992;
				GENERATE_INFOPLIST_FILE = YES;
				IPHONEOS_DEPLOYMENT_TARGET = 17.0;
				MACOSX_DEPLOYMENT_TARGET = 15.0;
				MARKETING_VERSION = 1.1.1;
				PRODUCT_BUNDLE_IDENTIFIER = "xaron.spiral-journey-projectUITests";
				PRODUCT_NAME = "$(TARGET_NAME)";
				SDKROOT = auto;
				STRING_CATALOG_GENERATE_SYMBOLS = NO;
				SUPPORTED_PLATFORMS = "iphoneos iphonesimulator macosx xros xrsimulator";
				SWIFT_APPROACHABLE_CONCURRENCY = YES;
				SWIFT_EMIT_LOC_STRINGS = NO;
				SWIFT_UPCOMING_FEATURE_MEMBER_IMPORT_VISIBILITY = YES;
				SWIFT_VERSION = 5.0;
				TARGETED_DEVICE_FAMILY = "1,2,7";
				TEST_TARGET_NAME = "spiral journey project";
				XROS_DEPLOYMENT_TARGET = 1.0;
			};
			name = Release;
		};
		BB000013BB000013BB000013 /* Debug */ = {
			isa = XCBuildConfiguration;
			buildSettings = {
				CODE_SIGN_ENTITLEMENTS = SpiralWidget/SpiralWidget.entitlements;
				CODE_SIGN_IDENTITY = "Apple Development";
				CODE_SIGN_STYLE = Automatic;
				CURRENT_PROJECT_VERSION = 6;
				DEVELOPMENT_TEAM = R29D2W5992;
				GENERATE_INFOPLIST_FILE = YES;
				INFOPLIST_FILE = SpiralWidget/Info.plist;
				INFOPLIST_KEY_CFBundleDisplayName = Spiral;
				IPHONEOS_DEPLOYMENT_TARGET = 17.0;
				LD_RUNPATH_SEARCH_PATHS = (
					"$(inherited)",
					"@executable_path/Frameworks",
					"@executable_path/../../Frameworks",
				);
				MARKETING_VERSION = 1.1.1;
				PRODUCT_BUNDLE_IDENTIFIER = "xaron.spiral-journey-project.SpiralWidget";
				PRODUCT_NAME = "$(TARGET_NAME)";
				PROVISIONING_PROFILE_SPECIFIER = "";
				SDKROOT = iphoneos;
				SKIP_INSTALL = YES;
				SUPPORTED_PLATFORMS = "iphoneos iphonesimulator";
				SWIFT_APPROACHABLE_CONCURRENCY = YES;
				SWIFT_DEFAULT_ACTOR_ISOLATION = MainActor;
				SWIFT_EMIT_LOC_STRINGS = YES;
				SWIFT_VERSION = 5.0;
				TARGETED_DEVICE_FAMILY = "1,2";
			};
			name = Debug;
		};
		BB000014BB000014BB000014 /* Release */ = {
			isa = XCBuildConfiguration;
			buildSettings = {
				CODE_SIGN_ENTITLEMENTS = SpiralWidget/SpiralWidget.entitlements;
				CODE_SIGN_IDENTITY = "Apple Development";
				CODE_SIGN_STYLE = Automatic;
				CURRENT_PROJECT_VERSION = 6;
				DEVELOPMENT_TEAM = R29D2W5992;
				GENERATE_INFOPLIST_FILE = YES;
				INFOPLIST_FILE = SpiralWidget/Info.plist;
				INFOPLIST_KEY_CFBundleDisplayName = Spiral;
				IPHONEOS_DEPLOYMENT_TARGET = 17.0;
				LD_RUNPATH_SEARCH_PATHS = (
					"$(inherited)",
					"@executable_path/Frameworks",
					"@executable_path/../../Frameworks",
				);
				MARKETING_VERSION = 1.1.1;
				PRODUCT_BUNDLE_IDENTIFIER = "xaron.spiral-journey-project.SpiralWidget";
				PRODUCT_NAME = "$(TARGET_NAME)";
				PROVISIONING_PROFILE_SPECIFIER = "";
				SDKROOT = iphoneos;
				SKIP_INSTALL = YES;
				SUPPORTED_PLATFORMS = "iphoneos iphonesimulator";
				SWIFT_APPROACHABLE_CONCURRENCY = YES;
				SWIFT_DEFAULT_ACTOR_ISOLATION = MainActor;
				SWIFT_EMIT_LOC_STRINGS = YES;
				SWIFT_VERSION = 5.0;
				TARGETED_DEVICE_FAMILY = "1,2";
			};
			name = Release;
		};
/* End XCBuildConfiguration section */

/* Begin XCConfigurationList section */
		840E5AA42F5D238100339438 /* Build configuration list for PBXNativeTarget "Spiral Watch App Watch App" */ = {
			isa = XCConfigurationList;
			buildConfigurations = (
				840E5A9E2F5D238100339438 /* Debug */,
				840E5A9F2F5D238100339438 /* Release */,
			);
			defaultConfigurationIsVisible = 0;
			defaultConfigurationName = Release;
		};
		840E5AA52F5D238100339438 /* Build configuration list for PBXNativeTarget "Spiral Watch App Watch AppTests" */ = {
			isa = XCConfigurationList;
			buildConfigurations = (
				840E5AA02F5D238100339438 /* Debug */,
				840E5AA12F5D238100339438 /* Release */,
			);
			defaultConfigurationIsVisible = 0;
			defaultConfigurationName = Release;
		};
		840E5AA62F5D238100339438 /* Build configuration list for PBXNativeTarget "Spiral Watch App Watch AppUITests" */ = {
			isa = XCConfigurationList;
			buildConfigurations = (
				840E5AA22F5D238100339438 /* Debug */,
				840E5AA32F5D238100339438 /* Release */,
			);
			defaultConfigurationIsVisible = 0;
			defaultConfigurationName = Release;
		};
		84729FC12F5D1263006CECC6 /* Build configuration list for PBXProject "spiral journey project" */ = {
			isa = XCConfigurationList;
			buildConfigurations = (
				84729FED2F5D1265006CECC6 /* Debug */,
				84729FEE2F5D1265006CECC6 /* Release */,
			);
			defaultConfigurationIsVisible = 0;
			defaultConfigurationName = Release;
		};
		84729FEA2F5D1265006CECC6 /* Build configuration list for PBXNativeTarget "spiral journey project" */ = {
			isa = XCConfigurationList;
			buildConfigurations = (
				84729FEB2F5D1265006CECC6 /* Debug */,
				84729FEC2F5D1265006CECC6 /* Release */,
			);
			defaultConfigurationIsVisible = 0;
			defaultConfigurationName = Release;
		};
		84729FEF2F5D1265006CECC6 /* Build configuration list for PBXNativeTarget "spiral journey projectTests" */ = {
			isa = XCConfigurationList;
			buildConfigurations = (
				84729FF02F5D1265006CECC6 /* Debug */,
				84729FF12F5D1265006CECC6 /* Release */,
			);
			defaultConfigurationIsVisible = 0;
			defaultConfigurationName = Release;
		};
		84729FF22F5D1265006CECC6 /* Build configuration list for PBXNativeTarget "spiral journey projectUITests" */ = {
			isa = XCConfigurationList;
			buildConfigurations = (
				84729FF32F5D1265006CECC6 /* Debug */,
				84729FF42F5D1265006CECC6 /* Release */,
			);
			defaultConfigurationIsVisible = 0;
			defaultConfigurationName = Release;
		};
		BB000010BB000010BB000010 /* Build configuration list for PBXNativeTarget "SpiralWidget" */ = {
			isa = XCConfigurationList;
			buildConfigurations = (
				BB000013BB000013BB000013 /* Debug */,
				BB000014BB000014BB000014 /* Release */,
			);
			defaultConfigurationIsVisible = 0;
			defaultConfigurationName = Release;
		};
/* End XCConfigurationList section */

/* Begin XCLocalSwiftPackageReference section */
		8472A0062F5D1E0B006CECC6 /* XCLocalSwiftPackageReference "SpiralKit" */ = {
			isa = XCLocalSwiftPackageReference;
			relativePath = SpiralKit;
		};
		AA000001AAAAAAAA00000001 /* XCLocalSwiftPackageReference "SpiralKit" */ = {
			isa = XCLocalSwiftPackageReference;
			relativePath = SpiralKit;
		};
		CC000003CC000003CC000003 /* XCLocalSwiftPackageReference "SpiralGeometry" */ = {
			isa = XCLocalSwiftPackageReference;
			relativePath = SpiralGeometry;
		};
/* End XCLocalSwiftPackageReference section */

/* Begin XCRemoteSwiftPackageReference section */
		DD000001DD000001DD000001 /* XCRemoteSwiftPackageReference "LLM" */ = {
			isa = XCRemoteSwiftPackageReference;
			repositoryURL = "https://github.com/eastriverlee/LLM.swift";
			requirement = {
				kind = upToNextMajorVersion;
				minimumVersion = 1.2.0;
			};
		};
/* End XCRemoteSwiftPackageReference section */

/* Begin XCSwiftPackageProductDependency section */
		840E5AB62F5D263600339438 /* SpiralKit */ = {
			isa = XCSwiftPackageProductDependency;
			package = 8472A0062F5D1E0B006CECC6 /* XCLocalSwiftPackageReference "SpiralKit" */;
			productName = SpiralKit;
		};
		AA000002AAAAAAAA00000002 /* SpiralKit */ = {
			isa = XCSwiftPackageProductDependency;
			package = AA000001AAAAAAAA00000001 /* XCLocalSwiftPackageReference "SpiralKit" */;
			productName = SpiralKit;
		};
		BB000003BB000003BB000003 /* SpiralKit */ = {
			isa = XCSwiftPackageProductDependency;
			package = AA000001AAAAAAAA00000001 /* XCLocalSwiftPackageReference "SpiralKit" */;
			productName = SpiralKit;
		};
		CC000002CC000002CC000002 /* SpiralGeometry */ = {
			isa = XCSwiftPackageProductDependency;
			package = CC000003CC000003CC000003 /* XCLocalSwiftPackageReference "SpiralGeometry" */;
			productName = SpiralGeometry;
		};
		DD000002DD000002DD000002 /* LLM */ = {
			isa = XCSwiftPackageProductDependency;
			package = DD000001DD000001DD000001 /* XCRemoteSwiftPackageReference "LLM" */;
			productName = LLM;
		};
/* End XCSwiftPackageProductDependency section */
	};
	rootObject = 84729FBE2F5D1263006CECC6 /* Project object */;
}
